
Microsoft Visual Studio Solution File, Format Version 12.00
# Visual Studio Version 17
VisualStudioVersion = 17.2.32630.192
MinimumVisualStudioVersion = 10.0.40219.1
Project("{9A19103F-16F7-4668-BE54-9A1E7A4F7556}") = "R5T.Q0001", "R5T.Q0001\R5T.Q0001.csproj", "{0D10166D-3FDC-43AD-8896-30534EC9F87F}"
EndProject
Project("{2150E333-8FDC-42A3-9474-1A3956D46DE8}") = "_Dependencies", "_Dependencies", "{F38B65F2-FFE6-43E3-A4E1-D53C95E8B891}"
EndProject
Project("{9A19103F-16F7-4668-BE54-9A1E7A4F7556}") = "R5T.L0011", "..\..\R5T.L0011\source\R5T.L0011\R5T.L0011.csproj", "{71A3933C-390B-48D4-9A91-BB05422048DC}"
EndProject
Project("{9A19103F-16F7-4668-BE54-9A1E7A4F7556}") = "R5T.F0004", "..\..\R5T.F0004\source\R5T.F0004\R5T.F0004.csproj", "{90F4008B-1805-4A60-BE98-07FA2B2F23FC}"
EndProject
Project("{9A19103F-16F7-4668-BE54-9A1E7A4F7556}") = "R5T.T0132", "..\..\R5T.T0132\source\R5T.T0132\R5T.T0132.csproj", "{B3F42127-89A4-4522-A9F2-AB48BE10E4D8}"
EndProject
Project("{9A19103F-16F7-4668-BE54-9A1E7A4F7556}") = "R5T.Z0000", "..\..\R5T.Z0000\source\R5T.Z0000\R5T.Z0000.csproj", "{E9A7A8B3-0A7C-447D-A880-7B5E8048DFEE}"
EndProject
Project("{9A19103F-16F7-4668-BE54-9A1E7A4F7556}") = "R5T.T0131", "..\..\R5T.T0131\source\R5T.T0131\R5T.T0131.csproj", "{09D8E3DB-CAF1-48D7-851E-0DA431DDA821}"
EndProject
Project("{9A19103F-16F7-4668-BE54-9A1E7A4F7556}") = "R5T.Y0000", "..\..\R5T.Y0000\source\R5T.Y0000\R5T.Y0000.csproj", "{E335D3E1-C625-44B3-AA63-59F853FF1F83}"
EndProject
Project("{9A19103F-16F7-4668-BE54-9A1E7A4F7556}") = "R5T.F0003", "..\..\R5T.F0003\source\R5T.F0003\R5T.F0003.csproj", "{F8ADE042-1E37-40D4-9D4B-A28339575F3D}"
EndProject
Project("{9A19103F-16F7-4668-BE54-9A1E7A4F7556}") = "R5T.T0141", "..\..\R5T.T0141\source\R5T.T0141\R5T.T0141.csproj", "{A68C4412-C210-4EAC-99DF-5DA1891B50EC}"
EndProject
Project("{9A19103F-16F7-4668-BE54-9A1E7A4F7556}") = "R5T.F0007", "..\..\R5T.F0007\source\R5T.F0007\R5T.F0007.csproj", "{244852AA-A45D-42EC-ADFA-CB25B5182969}"
EndProject
Project("{9A19103F-16F7-4668-BE54-9A1E7A4F7556}") = "R5T.F0008", "..\..\R5T.F0008\source\R5T.F0008\R5T.F0008.csproj", "{51D2E111-F871-4089-8540-D4B58A3A2696}"
EndProject
Project("{9A19103F-16F7-4668-BE54-9A1E7A4F7556}") = "R5T.Magyar", "..\..\R5T.Magyar\source\R5T.Magyar\R5T.Magyar.csproj", "{1A338A0C-C70F-4B63-AA3D-E79D617EDB10}"
EndProject
Project("{9A19103F-16F7-4668-BE54-9A1E7A4F7556}") = "R5T.T0136", "..\..\R5T.T0136\source\R5T.T0136\R5T.T0136.csproj", "{78826F72-1A72-439F-AA2A-36378F6CCBE8}"
EndProject
Project("{9A19103F-16F7-4668-BE54-9A1E7A4F7556}") = "R5T.F0005", "..\..\R5T.F0005\source\R5T.F0005\R5T.F0005.csproj", "{FD243C93-7A2D-4F63-8745-6D9D8B7431E1}"
EndProject
Project("{9A19103F-16F7-4668-BE54-9A1E7A4F7556}") = "R5T.X0005", "..\..\R5T.X0005\source\R5T.X0005\R5T.X0005.csproj", "{989F502C-E2EA-40DA-A421-B69A9597E3D7}"
EndProject
Project("{9A19103F-16F7-4668-BE54-9A1E7A4F7556}") = "R5T.F0013", "..\..\R5T.F0013\source\R5T.F0013\R5T.F0013.csproj", "{31560F63-7783-460D-9234-25AE9301603A}"
EndProject
Project("{9A19103F-16F7-4668-BE54-9A1E7A4F7556}") = "R5T.F0009", "..\..\R5T.F0009\source\R5T.F0009\R5T.F0009.csproj", "{61D7AB96-A5CF-483E-9B66-28CE35320A6E}"
EndProject
Project("{9A19103F-16F7-4668-BE54-9A1E7A4F7556}") = "R5T.T0134", "..\..\R5T.T0134\source\R5T.T0134\R5T.T0134.csproj", "{E37C0C0E-8903-410E-A524-BA8A00F7CEED}"
EndProject
Project("{9A19103F-16F7-4668-BE54-9A1E7A4F7556}") = "R5T.T0135", "..\..\R5T.T0135\source\R5T.T0135\R5T.T0135.csproj", "{A7AF3E6C-FE74-4704-B141-4DA99666255B}"
EndProject
Project("{9A19103F-16F7-4668-BE54-9A1E7A4F7556}") = "R5T.X0009", "..\..\R5T.X0009\source\R5T.X0009\R5T.X0009.csproj", "{E2AF0510-FD56-42A5-AC16-5D2AA35DEBFF}"
EndProject
Project("{9A19103F-16F7-4668-BE54-9A1E7A4F7556}") = "R5T.T0129", "..\..\R5T.T0129\source\R5T.T0129\R5T.T0129.csproj", "{5948B106-4574-485C-8D03-CEB91283297E}"
EndProject
Project("{9A19103F-16F7-4668-BE54-9A1E7A4F7556}") = "R5T.T0138", "..\..\R5T.T0138\source\R5T.T0138\R5T.T0138.csproj", "{AB3A2DBF-C211-488A-968C-E72A8DC3ED43}"
EndProject
Project("{9A19103F-16F7-4668-BE54-9A1E7A4F7556}") = "R5T.F0021", "..\..\R5T.F0021\source\R5T.F0021\R5T.F0021.csproj", "{5E5B095E-0C60-426B-9C79-477D453B7622}"
EndProject
Project("{9A19103F-16F7-4668-BE54-9A1E7A4F7556}") = "R5T.Z0003", "..\..\R5T.Z0003\source\R5T.Z0003\R5T.Z0003.csproj", "{9AAB4376-7B04-465F-A841-70BFD22F4B94}"
EndProject
Project("{9A19103F-16F7-4668-BE54-9A1E7A4F7556}") = "R5T.F0022", "..\..\R5T.F0022\source\R5T.F0022\R5T.F0022.csproj", "{B16FF800-EE57-47C4-9037-5C73F32D2989}"
EndProject
Project("{9A19103F-16F7-4668-BE54-9A1E7A4F7556}") = "R5T.Z0002", "..\..\R5T.Z0002\source\R5T.Z0002\R5T.Z0002.csproj", "{33194C78-78F7-454A-9FDD-3DC43134D82A}"
EndProject
Project("{9A19103F-16F7-4668-BE54-9A1E7A4F7556}") = "R5T.F0006", "..\..\R5T.F0006\source\R5T.F0006\R5T.F0006.csproj", "{86D23B15-1A7F-4CAB-89B4-3E0B30360421}"
EndProject
Project("{9A19103F-16F7-4668-BE54-9A1E7A4F7556}") = "R5T.F0000", "..\..\R5T.F0000\source\R5T.F0000\R5T.F0000.csproj", "{CE61BFF6-0BC1-46C5-A732-1D03082F71DE}"
EndProject
Project("{9A19103F-16F7-4668-BE54-9A1E7A4F7556}") = "R5T.F0023", "..\..\R5T.F0023\source\R5T.F0023\R5T.F0023.csproj", "{D6BAE3E8-F9CC-48C6-9C42-CCA1E842D17C}"
EndProject
Project("{9A19103F-16F7-4668-BE54-9A1E7A4F7556}") = "R5T.T0142", "..\..\R5T.T0142\source\R5T.T0142\R5T.T0142.csproj", "{AD8D81A2-EE37-4CB6-807C-D382C3E36B9D}"
EndProject
Project("{9A19103F-16F7-4668-BE54-9A1E7A4F7556}") = "R5T.T0143", "..\..\R5T.T0143\source\R5T.T0143\R5T.T0143.csproj", "{8C73640E-8397-41B7-8D0B-33C18E5B1B44}"
EndProject
Project("{9A19103F-16F7-4668-BE54-9A1E7A4F7556}") = "R5T.T0156", "..\..\R5T.T0156\source\R5T.T0156\R5T.T0156.csproj", "{311A7D51-0276-4CC0-8816-1750EF17D780}"
EndProject
Project("{9A19103F-16F7-4668-BE54-9A1E7A4F7556}") = "R5T.L0053", "..\..\R5T.L0053\source\R5T.L0053\R5T.L0053.csproj", "{FB0BD028-1CBC-4DBB-911E-9A1E11B85ED3}"
EndProject
Project("{9A19103F-16F7-4668-BE54-9A1E7A4F7556}") = "R5T.L0066", "..\..\R5T.L0066\source\R5T.L0066\R5T.L0066.csproj", "{9B9FE2C2-D738-4AFC-8648-A6050FD586B6}"
EndProject
Project("{9A19103F-16F7-4668-BE54-9A1E7A4F7556}") = "R5T.T0221", "..\..\R5T.T0221\source\R5T.T0221\R5T.T0221.csproj", "{BC38E466-9A61-4318-B28D-B64109597E3B}"
EndProject
Project("{9A19103F-16F7-4668-BE54-9A1E7A4F7556}") = "R5T.Y0006", "..\..\R5T.Y0006\source\R5T.Y0006\R5T.Y0006.csproj", "{DBA8BA71-226C-432A-8103-FF8CB51FB485}"
EndProject
Project("{9A19103F-16F7-4668-BE54-9A1E7A4F7556}") = "R5T.Z0010.Platform", "..\..\R5T.Z0010\source\R5T.Z0010.Platform\R5T.Z0010.Platform.csproj", "{56C9969D-F608-4BA4-BD87-46DBFE3EDC83}"
EndProject
Global
	GlobalSection(NestedProjects) = preSolution
		{71A3933C-390B-48D4-9A91-BB05422048DC} = {F38B65F2-FFE6-43E3-A4E1-D53C95E8B891}
		{90F4008B-1805-4A60-BE98-07FA2B2F23FC} = {F38B65F2-FFE6-43E3-A4E1-D53C95E8B891}
		{B3F42127-89A4-4522-A9F2-AB48BE10E4D8} = {F38B65F2-FFE6-43E3-A4E1-D53C95E8B891}
		{E9A7A8B3-0A7C-447D-A880-7B5E8048DFEE} = {F38B65F2-FFE6-43E3-A4E1-D53C95E8B891}
		{09D8E3DB-CAF1-48D7-851E-0DA431DDA821} = {F38B65F2-FFE6-43E3-A4E1-D53C95E8B891}
		{E335D3E1-C625-44B3-AA63-59F853FF1F83} = {F38B65F2-FFE6-43E3-A4E1-D53C95E8B891}
		{F8ADE042-1E37-40D4-9D4B-A28339575F3D} = {F38B65F2-FFE6-43E3-A4E1-D53C95E8B891}
		{A68C4412-C210-4EAC-99DF-5DA1891B50EC} = {F38B65F2-FFE6-43E3-A4E1-D53C95E8B891}
		{244852AA-A45D-42EC-ADFA-CB25B5182969} = {F38B65F2-FFE6-43E3-A4E1-D53C95E8B891}
		{51D2E111-F871-4089-8540-D4B58A3A2696} = {F38B65F2-FFE6-43E3-A4E1-D53C95E8B891}
		{1A338A0C-C70F-4B63-AA3D-E79D617EDB10} = {F38B65F2-FFE6-43E3-A4E1-D53C95E8B891}
		{78826F72-1A72-439F-AA2A-36378F6CCBE8} = {F38B65F2-FFE6-43E3-A4E1-D53C95E8B891}
		{FD243C93-7A2D-4F63-8745-6D9D8B7431E1} = {F38B65F2-FFE6-43E3-A4E1-D53C95E8B891}
		{989F502C-E2EA-40DA-A421-B69A9597E3D7} = {F38B65F2-FFE6-43E3-A4E1-D53C95E8B891}
		{31560F63-7783-460D-9234-25AE9301603A} = {F38B65F2-FFE6-43E3-A4E1-D53C95E8B891}
		{61D7AB96-A5CF-483E-9B66-28CE35320A6E} = {F38B65F2-FFE6-43E3-A4E1-D53C95E8B891}
		{E37C0C0E-8903-410E-A524-BA8A00F7CEED} = {F38B65F2-FFE6-43E3-A4E1-D53C95E8B891}
		{A7AF3E6C-FE74-4704-B141-4DA99666255B} = {F38B65F2-FFE6-43E3-A4E1-D53C95E8B891}
		{E2AF0510-FD56-42A5-AC16-5D2AA35DEBFF} = {F38B65F2-FFE6-43E3-A4E1-D53C95E8B891}
		{5948B106-4574-485C-8D03-CEB91283297E} = {F38B65F2-FFE6-43E3-A4E1-D53C95E8B891}
		{AB3A2DBF-C211-488A-968C-E72A8DC3ED43} = {F38B65F2-FFE6-43E3-A4E1-D53C95E8B891}
		{5E5B095E-0C60-426B-9C79-477D453B7622} = {F38B65F2-FFE6-43E3-A4E1-D53C95E8B891}
		{9AAB4376-7B04-465F-A841-70BFD22F4B94} = {F38B65F2-FFE6-43E3-A4E1-D53C95E8B891}
		{B16FF800-EE57-47C4-9037-5C73F32D2989} = {F38B65F2-FFE6-43E3-A4E1-D53C95E8B891}
		{33194C78-78F7-454A-9FDD-3DC43134D82A} = {F38B65F2-FFE6-43E3-A4E1-D53C95E8B891}
		{86D23B15-1A7F-4CAB-89B4-3E0B30360421} = {F38B65F2-FFE6-43E3-A4E1-D53C95E8B891}
		{CE61BFF6-0BC1-46C5-A732-1D03082F71DE} = {F38B65F2-FFE6-43E3-A4E1-D53C95E8B891}
		{D6BAE3E8-F9CC-48C6-9C42-CCA1E842D17C} = {F38B65F2-FFE6-43E3-A4E1-D53C95E8B891}
		{AD8D81A2-EE37-4CB6-807C-D382C3E36B9D} = {F38B65F2-FFE6-43E3-A4E1-D53C95E8B891}
		{8C73640E-8397-41B7-8D0B-33C18E5B1B44} = {F38B65F2-FFE6-43E3-A4E1-D53C95E8B891}
		{311A7D51-0276-4CC0-8816-1750EF17D780} = {F38B65F2-FFE6-43E3-A4E1-D53C95E8B891}
		{FB0BD028-1CBC-4DBB-911E-9A1E11B85ED3} = {F38B65F2-FFE6-43E3-A4E1-D53C95E8B891}
		{9B9FE2C2-D738-4AFC-8648-A6050FD586B6} = {F38B65F2-FFE6-43E3-A4E1-D53C95E8B891}
		{BC38E466-9A61-4318-B28D-B64109597E3B} = {F38B65F2-FFE6-43E3-A4E1-D53C95E8B891}
		{DBA8BA71-226C-432A-8103-FF8CB51FB485} = {F38B65F2-FFE6-43E3-A4E1-D53C95E8B891}
		{56C9969D-F608-4BA4-BD87-46DBFE3EDC83} = {F38B65F2-FFE6-43E3-A4E1-D53C95E8B891}
	EndGlobalSection
	GlobalSection(SolutionConfigurationPlatforms) = preSolution
		Debug|Any CPU = Debug|Any CPU
		Debug|x64 = Debug|x64
		Debug|x86 = Debug|x86
		Release|Any CPU = Release|Any CPU
		Release|x64 = Release|x64
		Release|x86 = Release|x86
	EndGlobalSection
	GlobalSection(ProjectConfigurationPlatforms) = postSolution
		{0D10166D-3FDC-43AD-8896-30534EC9F87F}.Debug|Any CPU.ActiveCfg = Debug|Any CPU
		{0D10166D-3FDC-43AD-8896-30534EC9F87F}.Debug|Any CPU.Build.0 = Debug|Any CPU
		{0D10166D-3FDC-43AD-8896-30534EC9F87F}.Debug|x64.ActiveCfg = Debug|Any CPU
		{0D10166D-3FDC-43AD-8896-30534EC9F87F}.Debug|x64.Build.0 = Debug|Any CPU
		{0D10166D-3FDC-43AD-8896-30534EC9F87F}.Debug|x86.ActiveCfg = Debug|Any CPU
		{0D10166D-3FDC-43AD-8896-30534EC9F87F}.Debug|x86.Build.0 = Debug|Any CPU
		{0D10166D-3FDC-43AD-8896-30534EC9F87F}.Release|Any CPU.ActiveCfg = Release|Any CPU
		{0D10166D-3FDC-43AD-8896-30534EC9F87F}.Release|Any CPU.Build.0 = Release|Any CPU
		{0D10166D-3FDC-43AD-8896-30534EC9F87F}.Release|x64.ActiveCfg = Release|Any CPU
		{0D10166D-3FDC-43AD-8896-30534EC9F87F}.Release|x64.Build.0 = Release|Any CPU
		{0D10166D-3FDC-43AD-8896-30534EC9F87F}.Release|x86.ActiveCfg = Release|Any CPU
		{0D10166D-3FDC-43AD-8896-30534EC9F87F}.Release|x86.Build.0 = Release|Any CPU
		{71A3933C-390B-48D4-9A91-BB05422048DC}.Debug|Any CPU.ActiveCfg = Debug|Any CPU
		{71A3933C-390B-48D4-9A91-BB05422048DC}.Debug|Any CPU.Build.0 = Debug|Any CPU
		{71A3933C-390B-48D4-9A91-BB05422048DC}.Debug|x64.ActiveCfg = Debug|Any CPU
		{71A3933C-390B-48D4-9A91-BB05422048DC}.Debug|x64.Build.0 = Debug|Any CPU
		{71A3933C-390B-48D4-9A91-BB05422048DC}.Debug|x86.ActiveCfg = Debug|Any CPU
		{71A3933C-390B-48D4-9A91-BB05422048DC}.Debug|x86.Build.0 = Debug|Any CPU
		{71A3933C-390B-48D4-9A91-BB05422048DC}.Release|Any CPU.ActiveCfg = Release|Any CPU
		{71A3933C-390B-48D4-9A91-BB05422048DC}.Release|Any CPU.Build.0 = Release|Any CPU
		{71A3933C-390B-48D4-9A91-BB05422048DC}.Release|x64.ActiveCfg = Release|Any CPU
		{71A3933C-390B-48D4-9A91-BB05422048DC}.Release|x64.Build.0 = Release|Any CPU
		{71A3933C-390B-48D4-9A91-BB05422048DC}.Release|x86.ActiveCfg = Release|Any CPU
		{71A3933C-390B-48D4-9A91-BB05422048DC}.Release|x86.Build.0 = Release|Any CPU
		{90F4008B-1805-4A60-BE98-07FA2B2F23FC}.Debug|Any CPU.ActiveCfg = Debug|Any CPU
		{90F4008B-1805-4A60-BE98-07FA2B2F23FC}.Debug|Any CPU.Build.0 = Debug|Any CPU
		{90F4008B-1805-4A60-BE98-07FA2B2F23FC}.Debug|x64.ActiveCfg = Debug|Any CPU
		{90F4008B-1805-4A60-BE98-07FA2B2F23FC}.Debug|x64.Build.0 = Debug|Any CPU
		{90F4008B-1805-4A60-BE98-07FA2B2F23FC}.Debug|x86.ActiveCfg = Debug|Any CPU
		{90F4008B-1805-4A60-BE98-07FA2B2F23FC}.Debug|x86.Build.0 = Debug|Any CPU
		{90F4008B-1805-4A60-BE98-07FA2B2F23FC}.Release|Any CPU.ActiveCfg = Release|Any CPU
		{90F4008B-1805-4A60-BE98-07FA2B2F23FC}.Release|Any CPU.Build.0 = Release|Any CPU
		{90F4008B-1805-4A60-BE98-07FA2B2F23FC}.Release|x64.ActiveCfg = Release|Any CPU
		{90F4008B-1805-4A60-BE98-07FA2B2F23FC}.Release|x64.Build.0 = Release|Any CPU
		{90F4008B-1805-4A60-BE98-07FA2B2F23FC}.Release|x86.ActiveCfg = Release|Any CPU
		{90F4008B-1805-4A60-BE98-07FA2B2F23FC}.Release|x86.Build.0 = Release|Any CPU
		{B3F42127-89A4-4522-A9F2-AB48BE10E4D8}.Debug|Any CPU.ActiveCfg = Debug|Any CPU
		{B3F42127-89A4-4522-A9F2-AB48BE10E4D8}.Debug|Any CPU.Build.0 = Debug|Any CPU
		{B3F42127-89A4-4522-A9F2-AB48BE10E4D8}.Debug|x64.ActiveCfg = Debug|Any CPU
		{B3F42127-89A4-4522-A9F2-AB48BE10E4D8}.Debug|x64.Build.0 = Debug|Any CPU
		{B3F42127-89A4-4522-A9F2-AB48BE10E4D8}.Debug|x86.ActiveCfg = Debug|Any CPU
		{B3F42127-89A4-4522-A9F2-AB48BE10E4D8}.Debug|x86.Build.0 = Debug|Any CPU
		{B3F42127-89A4-4522-A9F2-AB48BE10E4D8}.Release|Any CPU.ActiveCfg = Release|Any CPU
		{B3F42127-89A4-4522-A9F2-AB48BE10E4D8}.Release|Any CPU.Build.0 = Release|Any CPU
		{B3F42127-89A4-4522-A9F2-AB48BE10E4D8}.Release|x64.ActiveCfg = Release|Any CPU
		{B3F42127-89A4-4522-A9F2-AB48BE10E4D8}.Release|x64.Build.0 = Release|Any CPU
		{B3F42127-89A4-4522-A9F2-AB48BE10E4D8}.Release|x86.ActiveCfg = Release|Any CPU
		{B3F42127-89A4-4522-A9F2-AB48BE10E4D8}.Release|x86.Build.0 = Release|Any CPU
		{E9A7A8B3-0A7C-447D-A880-7B5E8048DFEE}.Debug|Any CPU.ActiveCfg = Debug|Any CPU
		{E9A7A8B3-0A7C-447D-A880-7B5E8048DFEE}.Debug|Any CPU.Build.0 = Debug|Any CPU
		{E9A7A8B3-0A7C-447D-A880-7B5E8048DFEE}.Debug|x64.ActiveCfg = Debug|Any CPU
		{E9A7A8B3-0A7C-447D-A880-7B5E8048DFEE}.Debug|x64.Build.0 = Debug|Any CPU
		{E9A7A8B3-0A7C-447D-A880-7B5E8048DFEE}.Debug|x86.ActiveCfg = Debug|Any CPU
		{E9A7A8B3-0A7C-447D-A880-7B5E8048DFEE}.Debug|x86.Build.0 = Debug|Any CPU
		{E9A7A8B3-0A7C-447D-A880-7B5E8048DFEE}.Release|Any CPU.ActiveCfg = Release|Any CPU
		{E9A7A8B3-0A7C-447D-A880-7B5E8048DFEE}.Release|Any CPU.Build.0 = Release|Any CPU
		{E9A7A8B3-0A7C-447D-A880-7B5E8048DFEE}.Release|x64.ActiveCfg = Release|Any CPU
		{E9A7A8B3-0A7C-447D-A880-7B5E8048DFEE}.Release|x64.Build.0 = Release|Any CPU
		{E9A7A8B3-0A7C-447D-A880-7B5E8048DFEE}.Release|x86.ActiveCfg = Release|Any CPU
		{E9A7A8B3-0A7C-447D-A880-7B5E8048DFEE}.Release|x86.Build.0 = Release|Any CPU
		{09D8E3DB-CAF1-48D7-851E-0DA431DDA821}.Debug|Any CPU.ActiveCfg = Debug|Any CPU
		{09D8E3DB-CAF1-48D7-851E-0DA431DDA821}.Debug|Any CPU.Build.0 = Debug|Any CPU
		{09D8E3DB-CAF1-48D7-851E-0DA431DDA821}.Debug|x64.ActiveCfg = Debug|Any CPU
		{09D8E3DB-CAF1-48D7-851E-0DA431DDA821}.Debug|x64.Build.0 = Debug|Any CPU
		{09D8E3DB-CAF1-48D7-851E-0DA431DDA821}.Debug|x86.ActiveCfg = Debug|Any CPU
		{09D8E3DB-CAF1-48D7-851E-0DA431DDA821}.Debug|x86.Build.0 = Debug|Any CPU
		{09D8E3DB-CAF1-48D7-851E-0DA431DDA821}.Release|Any CPU.ActiveCfg = Release|Any CPU
		{09D8E3DB-CAF1-48D7-851E-0DA431DDA821}.Release|Any CPU.Build.0 = Release|Any CPU
		{09D8E3DB-CAF1-48D7-851E-0DA431DDA821}.Release|x64.ActiveCfg = Release|Any CPU
		{09D8E3DB-CAF1-48D7-851E-0DA431DDA821}.Release|x64.Build.0 = Release|Any CPU
		{09D8E3DB-CAF1-48D7-851E-0DA431DDA821}.Release|x86.ActiveCfg = Release|Any CPU
		{09D8E3DB-CAF1-48D7-851E-0DA431DDA821}.Release|x86.Build.0 = Release|Any CPU
		{E335D3E1-C625-44B3-AA63-59F853FF1F83}.Debug|Any CPU.ActiveCfg = Debug|Any CPU
		{E335D3E1-C625-44B3-AA63-59F853FF1F83}.Debug|Any CPU.Build.0 = Debug|Any CPU
		{E335D3E1-C625-44B3-AA63-59F853FF1F83}.Debug|x64.ActiveCfg = Debug|Any CPU
		{E335D3E1-C625-44B3-AA63-59F853FF1F83}.Debug|x64.Build.0 = Debug|Any CPU
		{E335D3E1-C625-44B3-AA63-59F853FF1F83}.Debug|x86.ActiveCfg = Debug|Any CPU
		{E335D3E1-C625-44B3-AA63-59F853FF1F83}.Debug|x86.Build.0 = Debug|Any CPU
		{E335D3E1-C625-44B3-AA63-59F853FF1F83}.Release|Any CPU.ActiveCfg = Release|Any CPU
		{E335D3E1-C625-44B3-AA63-59F853FF1F83}.Release|Any CPU.Build.0 = Release|Any CPU
		{E335D3E1-C625-44B3-AA63-59F853FF1F83}.Release|x64.ActiveCfg = Release|Any CPU
		{E335D3E1-C625-44B3-AA63-59F853FF1F83}.Release|x64.Build.0 = Release|Any CPU
		{E335D3E1-C625-44B3-AA63-59F853FF1F83}.Release|x86.ActiveCfg = Release|Any CPU
		{E335D3E1-C625-44B3-AA63-59F853FF1F83}.Release|x86.Build.0 = Release|Any CPU
		{F8ADE042-1E37-40D4-9D4B-A28339575F3D}.Debug|Any CPU.ActiveCfg = Debug|Any CPU
		{F8ADE042-1E37-40D4-9D4B-A28339575F3D}.Debug|Any CPU.Build.0 = Debug|Any CPU
		{F8ADE042-1E37-40D4-9D4B-A28339575F3D}.Debug|x64.ActiveCfg = Debug|Any CPU
		{F8ADE042-1E37-40D4-9D4B-A28339575F3D}.Debug|x64.Build.0 = Debug|Any CPU
		{F8ADE042-1E37-40D4-9D4B-A28339575F3D}.Debug|x86.ActiveCfg = Debug|Any CPU
		{F8ADE042-1E37-40D4-9D4B-A28339575F3D}.Debug|x86.Build.0 = Debug|Any CPU
		{F8ADE042-1E37-40D4-9D4B-A28339575F3D}.Release|Any CPU.ActiveCfg = Release|Any CPU
		{F8ADE042-1E37-40D4-9D4B-A28339575F3D}.Release|Any CPU.Build.0 = Release|Any CPU
		{F8ADE042-1E37-40D4-9D4B-A28339575F3D}.Release|x64.ActiveCfg = Release|Any CPU
		{F8ADE042-1E37-40D4-9D4B-A28339575F3D}.Release|x64.Build.0 = Release|Any CPU
		{F8ADE042-1E37-40D4-9D4B-A28339575F3D}.Release|x86.ActiveCfg = Release|Any CPU
		{F8ADE042-1E37-40D4-9D4B-A28339575F3D}.Release|x86.Build.0 = Release|Any CPU
		{A68C4412-C210-4EAC-99DF-5DA1891B50EC}.Debug|Any CPU.ActiveCfg = Debug|Any CPU
		{A68C4412-C210-4EAC-99DF-5DA1891B50EC}.Debug|Any CPU.Build.0 = Debug|Any CPU
		{A68C4412-C210-4EAC-99DF-5DA1891B50EC}.Debug|x64.ActiveCfg = Debug|Any CPU
		{A68C4412-C210-4EAC-99DF-5DA1891B50EC}.Debug|x64.Build.0 = Debug|Any CPU
		{A68C4412-C210-4EAC-99DF-5DA1891B50EC}.Debug|x86.ActiveCfg = Debug|Any CPU
		{A68C4412-C210-4EAC-99DF-5DA1891B50EC}.Debug|x86.Build.0 = Debug|Any CPU
		{A68C4412-C210-4EAC-99DF-5DA1891B50EC}.Release|Any CPU.ActiveCfg = Release|Any CPU
		{A68C4412-C210-4EAC-99DF-5DA1891B50EC}.Release|Any CPU.Build.0 = Release|Any CPU
		{A68C4412-C210-4EAC-99DF-5DA1891B50EC}.Release|x64.ActiveCfg = Release|Any CPU
		{A68C4412-C210-4EAC-99DF-5DA1891B50EC}.Release|x64.Build.0 = Release|Any CPU
		{A68C4412-C210-4EAC-99DF-5DA1891B50EC}.Release|x86.ActiveCfg = Release|Any CPU
		{A68C4412-C210-4EAC-99DF-5DA1891B50EC}.Release|x86.Build.0 = Release|Any CPU
		{244852AA-A45D-42EC-ADFA-CB25B5182969}.Debug|Any CPU.ActiveCfg = Debug|Any CPU
		{244852AA-A45D-42EC-ADFA-CB25B5182969}.Debug|Any CPU.Build.0 = Debug|Any CPU
		{244852AA-A45D-42EC-ADFA-CB25B5182969}.Debug|x64.ActiveCfg = Debug|Any CPU
		{244852AA-A45D-42EC-ADFA-CB25B5182969}.Debug|x64.Build.0 = Debug|Any CPU
		{244852AA-A45D-42EC-ADFA-CB25B5182969}.Debug|x86.ActiveCfg = Debug|Any CPU
		{244852AA-A45D-42EC-ADFA-CB25B5182969}.Debug|x86.Build.0 = Debug|Any CPU
		{244852AA-A45D-42EC-ADFA-CB25B5182969}.Release|Any CPU.ActiveCfg = Release|Any CPU
		{244852AA-A45D-42EC-ADFA-CB25B5182969}.Release|Any CPU.Build.0 = Release|Any CPU
		{244852AA-A45D-42EC-ADFA-CB25B5182969}.Release|x64.ActiveCfg = Release|Any CPU
		{244852AA-A45D-42EC-ADFA-CB25B5182969}.Release|x64.Build.0 = Release|Any CPU
		{244852AA-A45D-42EC-ADFA-CB25B5182969}.Release|x86.ActiveCfg = Release|Any CPU
		{244852AA-A45D-42EC-ADFA-CB25B5182969}.Release|x86.Build.0 = Release|Any CPU
		{51D2E111-F871-4089-8540-D4B58A3A2696}.Debug|Any CPU.ActiveCfg = Debug|Any CPU
		{51D2E111-F871-4089-8540-D4B58A3A2696}.Debug|Any CPU.Build.0 = Debug|Any CPU
		{51D2E111-F871-4089-8540-D4B58A3A2696}.Debug|x64.ActiveCfg = Debug|Any CPU
		{51D2E111-F871-4089-8540-D4B58A3A2696}.Debug|x64.Build.0 = Debug|Any CPU
		{51D2E111-F871-4089-8540-D4B58A3A2696}.Debug|x86.ActiveCfg = Debug|Any CPU
		{51D2E111-F871-4089-8540-D4B58A3A2696}.Debug|x86.Build.0 = Debug|Any CPU
		{51D2E111-F871-4089-8540-D4B58A3A2696}.Release|Any CPU.ActiveCfg = Release|Any CPU
		{51D2E111-F871-4089-8540-D4B58A3A2696}.Release|Any CPU.Build.0 = Release|Any CPU
		{51D2E111-F871-4089-8540-D4B58A3A2696}.Release|x64.ActiveCfg = Release|Any CPU
		{51D2E111-F871-4089-8540-D4B58A3A2696}.Release|x64.Build.0 = Release|Any CPU
		{51D2E111-F871-4089-8540-D4B58A3A2696}.Release|x86.ActiveCfg = Release|Any CPU
		{51D2E111-F871-4089-8540-D4B58A3A2696}.Release|x86.Build.0 = Release|Any CPU
		{1A338A0C-C70F-4B63-AA3D-E79D617EDB10}.Debug|Any CPU.ActiveCfg = Debug|Any CPU
		{1A338A0C-C70F-4B63-AA3D-E79D617EDB10}.Debug|Any CPU.Build.0 = Debug|Any CPU
		{1A338A0C-C70F-4B63-AA3D-E79D617EDB10}.Debug|x64.ActiveCfg = Debug|Any CPU
		{1A338A0C-C70F-4B63-AA3D-E79D617EDB10}.Debug|x64.Build.0 = Debug|Any CPU
		{1A338A0C-C70F-4B63-AA3D-E79D617EDB10}.Debug|x86.ActiveCfg = Debug|Any CPU
		{1A338A0C-C70F-4B63-AA3D-E79D617EDB10}.Debug|x86.Build.0 = Debug|Any CPU
		{1A338A0C-C70F-4B63-AA3D-E79D617EDB10}.Release|Any CPU.ActiveCfg = Release|Any CPU
		{1A338A0C-C70F-4B63-AA3D-E79D617EDB10}.Release|Any CPU.Build.0 = Release|Any CPU
		{1A338A0C-C70F-4B63-AA3D-E79D617EDB10}.Release|x64.ActiveCfg = Release|Any CPU
		{1A338A0C-C70F-4B63-AA3D-E79D617EDB10}.Release|x64.Build.0 = Release|Any CPU
		{1A338A0C-C70F-4B63-AA3D-E79D617EDB10}.Release|x86.ActiveCfg = Release|Any CPU
		{1A338A0C-C70F-4B63-AA3D-E79D617EDB10}.Release|x86.Build.0 = Release|Any CPU
		{78826F72-1A72-439F-AA2A-36378F6CCBE8}.Debug|Any CPU.ActiveCfg = Debug|Any CPU
		{78826F72-1A72-439F-AA2A-36378F6CCBE8}.Debug|Any CPU.Build.0 = Debug|Any CPU
		{78826F72-1A72-439F-AA2A-36378F6CCBE8}.Debug|x64.ActiveCfg = Debug|Any CPU
		{78826F72-1A72-439F-AA2A-36378F6CCBE8}.Debug|x64.Build.0 = Debug|Any CPU
		{78826F72-1A72-439F-AA2A-36378F6CCBE8}.Debug|x86.ActiveCfg = Debug|Any CPU
		{78826F72-1A72-439F-AA2A-36378F6CCBE8}.Debug|x86.Build.0 = Debug|Any CPU
		{78826F72-1A72-439F-AA2A-36378F6CCBE8}.Release|Any CPU.ActiveCfg = Release|Any CPU
		{78826F72-1A72-439F-AA2A-36378F6CCBE8}.Release|Any CPU.Build.0 = Release|Any CPU
		{78826F72-1A72-439F-AA2A-36378F6CCBE8}.Release|x64.ActiveCfg = Release|Any CPU
		{78826F72-1A72-439F-AA2A-36378F6CCBE8}.Release|x64.Build.0 = Release|Any CPU
		{78826F72-1A72-439F-AA2A-36378F6CCBE8}.Release|x86.ActiveCfg = Release|Any CPU
		{78826F72-1A72-439F-AA2A-36378F6CCBE8}.Release|x86.Build.0 = Release|Any CPU
		{FD243C93-7A2D-4F63-8745-6D9D8B7431E1}.Debug|Any CPU.ActiveCfg = Debug|Any CPU
		{FD243C93-7A2D-4F63-8745-6D9D8B7431E1}.Debug|Any CPU.Build.0 = Debug|Any CPU
		{FD243C93-7A2D-4F63-8745-6D9D8B7431E1}.Debug|x64.ActiveCfg = Debug|Any CPU
		{FD243C93-7A2D-4F63-8745-6D9D8B7431E1}.Debug|x64.Build.0 = Debug|Any CPU
		{FD243C93-7A2D-4F63-8745-6D9D8B7431E1}.Debug|x86.ActiveCfg = Debug|Any CPU
		{FD243C93-7A2D-4F63-8745-6D9D8B7431E1}.Debug|x86.Build.0 = Debug|Any CPU
		{FD243C93-7A2D-4F63-8745-6D9D8B7431E1}.Release|Any CPU.ActiveCfg = Release|Any CPU
		{FD243C93-7A2D-4F63-8745-6D9D8B7431E1}.Release|Any CPU.Build.0 = Release|Any CPU
		{FD243C93-7A2D-4F63-8745-6D9D8B7431E1}.Release|x64.ActiveCfg = Release|Any CPU
		{FD243C93-7A2D-4F63-8745-6D9D8B7431E1}.Release|x64.Build.0 = Release|Any CPU
		{FD243C93-7A2D-4F63-8745-6D9D8B7431E1}.Release|x86.ActiveCfg = Release|Any CPU
		{FD243C93-7A2D-4F63-8745-6D9D8B7431E1}.Release|x86.Build.0 = Release|Any CPU
		{989F502C-E2EA-40DA-A421-B69A9597E3D7}.Debug|Any CPU.ActiveCfg = Debug|Any CPU
		{989F502C-E2EA-40DA-A421-B69A9597E3D7}.Debug|Any CPU.Build.0 = Debug|Any CPU
		{989F502C-E2EA-40DA-A421-B69A9597E3D7}.Debug|x64.ActiveCfg = Debug|Any CPU
		{989F502C-E2EA-40DA-A421-B69A9597E3D7}.Debug|x64.Build.0 = Debug|Any CPU
		{989F502C-E2EA-40DA-A421-B69A9597E3D7}.Debug|x86.ActiveCfg = Debug|Any CPU
		{989F502C-E2EA-40DA-A421-B69A9597E3D7}.Debug|x86.Build.0 = Debug|Any CPU
		{989F502C-E2EA-40DA-A421-B69A9597E3D7}.Release|Any CPU.ActiveCfg = Release|Any CPU
		{989F502C-E2EA-40DA-A421-B69A9597E3D7}.Release|Any CPU.Build.0 = Release|Any CPU
		{989F502C-E2EA-40DA-A421-B69A9597E3D7}.Release|x64.ActiveCfg = Release|Any CPU
		{989F502C-E2EA-40DA-A421-B69A9597E3D7}.Release|x64.Build.0 = Release|Any CPU
		{989F502C-E2EA-40DA-A421-B69A9597E3D7}.Release|x86.ActiveCfg = Release|Any CPU
		{989F502C-E2EA-40DA-A421-B69A9597E3D7}.Release|x86.Build.0 = Release|Any CPU
		{31560F63-7783-460D-9234-25AE9301603A}.Debug|Any CPU.ActiveCfg = Debug|Any CPU
		{31560F63-7783-460D-9234-25AE9301603A}.Debug|Any CPU.Build.0 = Debug|Any CPU
		{31560F63-7783-460D-9234-25AE9301603A}.Debug|x64.ActiveCfg = Debug|Any CPU
		{31560F63-7783-460D-9234-25AE9301603A}.Debug|x64.Build.0 = Debug|Any CPU
		{31560F63-7783-460D-9234-25AE9301603A}.Debug|x86.ActiveCfg = Debug|Any CPU
		{31560F63-7783-460D-9234-25AE9301603A}.Debug|x86.Build.0 = Debug|Any CPU
		{31560F63-7783-460D-9234-25AE9301603A}.Release|Any CPU.ActiveCfg = Release|Any CPU
		{31560F63-7783-460D-9234-25AE9301603A}.Release|Any CPU.Build.0 = Release|Any CPU
		{31560F63-7783-460D-9234-25AE9301603A}.Release|x64.ActiveCfg = Release|Any CPU
		{31560F63-7783-460D-9234-25AE9301603A}.Release|x64.Build.0 = Release|Any CPU
		{31560F63-7783-460D-9234-25AE9301603A}.Release|x86.ActiveCfg = Release|Any CPU
		{31560F63-7783-460D-9234-25AE9301603A}.Release|x86.Build.0 = Release|Any CPU
		{61D7AB96-A5CF-483E-9B66-28CE35320A6E}.Debug|Any CPU.ActiveCfg = Debug|Any CPU
		{61D7AB96-A5CF-483E-9B66-28CE35320A6E}.Debug|Any CPU.Build.0 = Debug|Any CPU
		{61D7AB96-A5CF-483E-9B66-28CE35320A6E}.Debug|x64.ActiveCfg = Debug|Any CPU
		{61D7AB96-A5CF-483E-9B66-28CE35320A6E}.Debug|x64.Build.0 = Debug|Any CPU
		{61D7AB96-A5CF-483E-9B66-28CE35320A6E}.Debug|x86.ActiveCfg = Debug|Any CPU
		{61D7AB96-A5CF-483E-9B66-28CE35320A6E}.Debug|x86.Build.0 = Debug|Any CPU
		{61D7AB96-A5CF-483E-9B66-28CE35320A6E}.Release|Any CPU.ActiveCfg = Release|Any CPU
		{61D7AB96-A5CF-483E-9B66-28CE35320A6E}.Release|Any CPU.Build.0 = Release|Any CPU
		{61D7AB96-A5CF-483E-9B66-28CE35320A6E}.Release|x64.ActiveCfg = Release|Any CPU
		{61D7AB96-A5CF-483E-9B66-28CE35320A6E}.Release|x64.Build.0 = Release|Any CPU
		{61D7AB96-A5CF-483E-9B66-28CE35320A6E}.Release|x86.ActiveCfg = Release|Any CPU
		{61D7AB96-A5CF-483E-9B66-28CE35320A6E}.Release|x86.Build.0 = Release|Any CPU
		{E37C0C0E-8903-410E-A524-BA8A00F7CEED}.Debug|Any CPU.ActiveCfg = Debug|Any CPU
		{E37C0C0E-8903-410E-A524-BA8A00F7CEED}.Debug|Any CPU.Build.0 = Debug|Any CPU
		{E37C0C0E-8903-410E-A524-BA8A00F7CEED}.Debug|x64.ActiveCfg = Debug|Any CPU
		{E37C0C0E-8903-410E-A524-BA8A00F7CEED}.Debug|x64.Build.0 = Debug|Any CPU
		{E37C0C0E-8903-410E-A524-BA8A00F7CEED}.Debug|x86.ActiveCfg = Debug|Any CPU
		{E37C0C0E-8903-410E-A524-BA8A00F7CEED}.Debug|x86.Build.0 = Debug|Any CPU
		{E37C0C0E-8903-410E-A524-BA8A00F7CEED}.Release|Any CPU.ActiveCfg = Release|Any CPU
		{E37C0C0E-8903-410E-A524-BA8A00F7CEED}.Release|Any CPU.Build.0 = Release|Any CPU
		{E37C0C0E-8903-410E-A524-BA8A00F7CEED}.Release|x64.ActiveCfg = Release|Any CPU
		{E37C0C0E-8903-410E-A524-BA8A00F7CEED}.Release|x64.Build.0 = Release|Any CPU
		{E37C0C0E-8903-410E-A524-BA8A00F7CEED}.Release|x86.ActiveCfg = Release|Any CPU
		{E37C0C0E-8903-410E-A524-BA8A00F7CEED}.Release|x86.Build.0 = Release|Any CPU
		{A7AF3E6C-FE74-4704-B141-4DA99666255B}.Debug|Any CPU.ActiveCfg = Debug|Any CPU
		{A7AF3E6C-FE74-4704-B141-4DA99666255B}.Debug|Any CPU.Build.0 = Debug|Any CPU
		{A7AF3E6C-FE74-4704-B141-4DA99666255B}.Debug|x64.ActiveCfg = Debug|Any CPU
		{A7AF3E6C-FE74-4704-B141-4DA99666255B}.Debug|x64.Build.0 = Debug|Any CPU
		{A7AF3E6C-FE74-4704-B141-4DA99666255B}.Debug|x86.ActiveCfg = Debug|Any CPU
		{A7AF3E6C-FE74-4704-B141-4DA99666255B}.Debug|x86.Build.0 = Debug|Any CPU
		{A7AF3E6C-FE74-4704-B141-4DA99666255B}.Release|Any CPU.ActiveCfg = Release|Any CPU
		{A7AF3E6C-FE74-4704-B141-4DA99666255B}.Release|Any CPU.Build.0 = Release|Any CPU
		{A7AF3E6C-FE74-4704-B141-4DA99666255B}.Release|x64.ActiveCfg = Release|Any CPU
		{A7AF3E6C-FE74-4704-B141-4DA99666255B}.Release|x64.Build.0 = Release|Any CPU
		{A7AF3E6C-FE74-4704-B141-4DA99666255B}.Release|x86.ActiveCfg = Release|Any CPU
		{A7AF3E6C-FE74-4704-B141-4DA99666255B}.Release|x86.Build.0 = Release|Any CPU
		{E2AF0510-FD56-42A5-AC16-5D2AA35DEBFF}.Debug|Any CPU.ActiveCfg = Debug|Any CPU
		{E2AF0510-FD56-42A5-AC16-5D2AA35DEBFF}.Debug|Any CPU.Build.0 = Debug|Any CPU
		{E2AF0510-FD56-42A5-AC16-5D2AA35DEBFF}.Debug|x64.ActiveCfg = Debug|Any CPU
		{E2AF0510-FD56-42A5-AC16-5D2AA35DEBFF}.Debug|x64.Build.0 = Debug|Any CPU
		{E2AF0510-FD56-42A5-AC16-5D2AA35DEBFF}.Debug|x86.ActiveCfg = Debug|Any CPU
		{E2AF0510-FD56-42A5-AC16-5D2AA35DEBFF}.Debug|x86.Build.0 = Debug|Any CPU
		{E2AF0510-FD56-42A5-AC16-5D2AA35DEBFF}.Release|Any CPU.ActiveCfg = Release|Any CPU
		{E2AF0510-FD56-42A5-AC16-5D2AA35DEBFF}.Release|Any CPU.Build.0 = Release|Any CPU
		{E2AF0510-FD56-42A5-AC16-5D2AA35DEBFF}.Release|x64.ActiveCfg = Release|Any CPU
		{E2AF0510-FD56-42A5-AC16-5D2AA35DEBFF}.Release|x64.Build.0 = Release|Any CPU
		{E2AF0510-FD56-42A5-AC16-5D2AA35DEBFF}.Release|x86.ActiveCfg = Release|Any CPU
		{E2AF0510-FD56-42A5-AC16-5D2AA35DEBFF}.Release|x86.Build.0 = Release|Any CPU
		{5948B106-4574-485C-8D03-CEB91283297E}.Debug|Any CPU.ActiveCfg = Debug|Any CPU
		{5948B106-4574-485C-8D03-CEB91283297E}.Debug|Any CPU.Build.0 = Debug|Any CPU
		{5948B106-4574-485C-8D03-CEB91283297E}.Debug|x64.ActiveCfg = Debug|Any CPU
		{5948B106-4574-485C-8D03-CEB91283297E}.Debug|x64.Build.0 = Debug|Any CPU
		{5948B106-4574-485C-8D03-CEB91283297E}.Debug|x86.ActiveCfg = Debug|Any CPU
		{5948B106-4574-485C-8D03-CEB91283297E}.Debug|x86.Build.0 = Debug|Any CPU
		{5948B106-4574-485C-8D03-CEB91283297E}.Release|Any CPU.ActiveCfg = Release|Any CPU
		{5948B106-4574-485C-8D03-CEB91283297E}.Release|Any CPU.Build.0 = Release|Any CPU
		{5948B106-4574-485C-8D03-CEB91283297E}.Release|x64.ActiveCfg = Release|Any CPU
		{5948B106-4574-485C-8D03-CEB91283297E}.Release|x64.Build.0 = Release|Any CPU
		{5948B106-4574-485C-8D03-CEB91283297E}.Release|x86.ActiveCfg = Release|Any CPU
		{5948B106-4574-485C-8D03-CEB91283297E}.Release|x86.Build.0 = Release|Any CPU
		{AB3A2DBF-C211-488A-968C-E72A8DC3ED43}.Debug|Any CPU.ActiveCfg = Debug|Any CPU
		{AB3A2DBF-C211-488A-968C-E72A8DC3ED43}.Debug|Any CPU.Build.0 = Debug|Any CPU
		{AB3A2DBF-C211-488A-968C-E72A8DC3ED43}.Debug|x64.ActiveCfg = Debug|Any CPU
		{AB3A2DBF-C211-488A-968C-E72A8DC3ED43}.Debug|x64.Build.0 = Debug|Any CPU
		{AB3A2DBF-C211-488A-968C-E72A8DC3ED43}.Debug|x86.ActiveCfg = Debug|Any CPU
		{AB3A2DBF-C211-488A-968C-E72A8DC3ED43}.Debug|x86.Build.0 = Debug|Any CPU
		{AB3A2DBF-C211-488A-968C-E72A8DC3ED43}.Release|Any CPU.ActiveCfg = Release|Any CPU
		{AB3A2DBF-C211-488A-968C-E72A8DC3ED43}.Release|Any CPU.Build.0 = Release|Any CPU
		{AB3A2DBF-C211-488A-968C-E72A8DC3ED43}.Release|x64.ActiveCfg = Release|Any CPU
		{AB3A2DBF-C211-488A-968C-E72A8DC3ED43}.Release|x64.Build.0 = Release|Any CPU
		{AB3A2DBF-C211-488A-968C-E72A8DC3ED43}.Release|x86.ActiveCfg = Release|Any CPU
		{AB3A2DBF-C211-488A-968C-E72A8DC3ED43}.Release|x86.Build.0 = Release|Any CPU
		{5E5B095E-0C60-426B-9C79-477D453B7622}.Debug|Any CPU.ActiveCfg = Debug|Any CPU
		{5E5B095E-0C60-426B-9C79-477D453B7622}.Debug|Any CPU.Build.0 = Debug|Any CPU
		{5E5B095E-0C60-426B-9C79-477D453B7622}.Debug|x64.ActiveCfg = Debug|Any CPU
		{5E5B095E-0C60-426B-9C79-477D453B7622}.Debug|x64.Build.0 = Debug|Any CPU
		{5E5B095E-0C60-426B-9C79-477D453B7622}.Debug|x86.ActiveCfg = Debug|Any CPU
		{5E5B095E-0C60-426B-9C79-477D453B7622}.Debug|x86.Build.0 = Debug|Any CPU
		{5E5B095E-0C60-426B-9C79-477D453B7622}.Release|Any CPU.ActiveCfg = Release|Any CPU
		{5E5B095E-0C60-426B-9C79-477D453B7622}.Release|Any CPU.Build.0 = Release|Any CPU
		{5E5B095E-0C60-426B-9C79-477D453B7622}.Release|x64.ActiveCfg = Release|Any CPU
		{5E5B095E-0C60-426B-9C79-477D453B7622}.Release|x64.Build.0 = Release|Any CPU
		{5E5B095E-0C60-426B-9C79-477D453B7622}.Release|x86.ActiveCfg = Release|Any CPU
		{5E5B095E-0C60-426B-9C79-477D453B7622}.Release|x86.Build.0 = Release|Any CPU
		{9AAB4376-7B04-465F-A841-70BFD22F4B94}.Debug|Any CPU.ActiveCfg = Debug|Any CPU
		{9AAB4376-7B04-465F-A841-70BFD22F4B94}.Debug|Any CPU.Build.0 = Debug|Any CPU
		{9AAB4376-7B04-465F-A841-70BFD22F4B94}.Debug|x64.ActiveCfg = Debug|Any CPU
		{9AAB4376-7B04-465F-A841-70BFD22F4B94}.Debug|x64.Build.0 = Debug|Any CPU
		{9AAB4376-7B04-465F-A841-70BFD22F4B94}.Debug|x86.ActiveCfg = Debug|Any CPU
		{9AAB4376-7B04-465F-A841-70BFD22F4B94}.Debug|x86.Build.0 = Debug|Any CPU
		{9AAB4376-7B04-465F-A841-70BFD22F4B94}.Release|Any CPU.ActiveCfg = Release|Any CPU
		{9AAB4376-7B04-465F-A841-70BFD22F4B94}.Release|Any CPU.Build.0 = Release|Any CPU
		{9AAB4376-7B04-465F-A841-70BFD22F4B94}.Release|x64.ActiveCfg = Release|Any CPU
		{9AAB4376-7B04-465F-A841-70BFD22F4B94}.Release|x64.Build.0 = Release|Any CPU
		{9AAB4376-7B04-465F-A841-70BFD22F4B94}.Release|x86.ActiveCfg = Release|Any CPU
		{9AAB4376-7B04-465F-A841-70BFD22F4B94}.Release|x86.Build.0 = Release|Any CPU
		{B16FF800-EE57-47C4-9037-5C73F32D2989}.Debug|Any CPU.ActiveCfg = Debug|Any CPU
		{B16FF800-EE57-47C4-9037-5C73F32D2989}.Debug|Any CPU.Build.0 = Debug|Any CPU
		{B16FF800-EE57-47C4-9037-5C73F32D2989}.Debug|x64.ActiveCfg = Debug|Any CPU
		{B16FF800-EE57-47C4-9037-5C73F32D2989}.Debug|x64.Build.0 = Debug|Any CPU
		{B16FF800-EE57-47C4-9037-5C73F32D2989}.Debug|x86.ActiveCfg = Debug|Any CPU
		{B16FF800-EE57-47C4-9037-5C73F32D2989}.Debug|x86.Build.0 = Debug|Any CPU
		{B16FF800-EE57-47C4-9037-5C73F32D2989}.Release|Any CPU.ActiveCfg = Release|Any CPU
		{B16FF800-EE57-47C4-9037-5C73F32D2989}.Release|Any CPU.Build.0 = Release|Any CPU
		{B16FF800-EE57-47C4-9037-5C73F32D2989}.Release|x64.ActiveCfg = Release|Any CPU
		{B16FF800-EE57-47C4-9037-5C73F32D2989}.Release|x64.Build.0 = Release|Any CPU
		{B16FF800-EE57-47C4-9037-5C73F32D2989}.Release|x86.ActiveCfg = Release|Any CPU
		{B16FF800-EE57-47C4-9037-5C73F32D2989}.Release|x86.Build.0 = Release|Any CPU
		{33194C78-78F7-454A-9FDD-3DC43134D82A}.Debug|Any CPU.ActiveCfg = Debug|Any CPU
		{33194C78-78F7-454A-9FDD-3DC43134D82A}.Debug|Any CPU.Build.0 = Debug|Any CPU
		{33194C78-78F7-454A-9FDD-3DC43134D82A}.Debug|x64.ActiveCfg = Debug|Any CPU
		{33194C78-78F7-454A-9FDD-3DC43134D82A}.Debug|x64.Build.0 = Debug|Any CPU
		{33194C78-78F7-454A-9FDD-3DC43134D82A}.Debug|x86.ActiveCfg = Debug|Any CPU
		{33194C78-78F7-454A-9FDD-3DC43134D82A}.Debug|x86.Build.0 = Debug|Any CPU
		{33194C78-78F7-454A-9FDD-3DC43134D82A}.Release|Any CPU.ActiveCfg = Release|Any CPU
		{33194C78-78F7-454A-9FDD-3DC43134D82A}.Release|Any CPU.Build.0 = Release|Any CPU
		{33194C78-78F7-454A-9FDD-3DC43134D82A}.Release|x64.ActiveCfg = Release|Any CPU
		{33194C78-78F7-454A-9FDD-3DC43134D82A}.Release|x64.Build.0 = Release|Any CPU
		{33194C78-78F7-454A-9FDD-3DC43134D82A}.Release|x86.ActiveCfg = Release|Any CPU
		{33194C78-78F7-454A-9FDD-3DC43134D82A}.Release|x86.Build.0 = Release|Any CPU
		{86D23B15-1A7F-4CAB-89B4-3E0B30360421}.Debug|Any CPU.ActiveCfg = Debug|Any CPU
		{86D23B15-1A7F-4CAB-89B4-3E0B30360421}.Debug|Any CPU.Build.0 = Debug|Any CPU
		{86D23B15-1A7F-4CAB-89B4-3E0B30360421}.Debug|x64.ActiveCfg = Debug|Any CPU
		{86D23B15-1A7F-4CAB-89B4-3E0B30360421}.Debug|x64.Build.0 = Debug|Any CPU
		{86D23B15-1A7F-4CAB-89B4-3E0B30360421}.Debug|x86.ActiveCfg = Debug|Any CPU
		{86D23B15-1A7F-4CAB-89B4-3E0B30360421}.Debug|x86.Build.0 = Debug|Any CPU
		{86D23B15-1A7F-4CAB-89B4-3E0B30360421}.Release|Any CPU.ActiveCfg = Release|Any CPU
		{86D23B15-1A7F-4CAB-89B4-3E0B30360421}.Release|Any CPU.Build.0 = Release|Any CPU
		{86D23B15-1A7F-4CAB-89B4-3E0B30360421}.Release|x64.ActiveCfg = Release|Any CPU
		{86D23B15-1A7F-4CAB-89B4-3E0B30360421}.Release|x64.Build.0 = Release|Any CPU
		{86D23B15-1A7F-4CAB-89B4-3E0B30360421}.Release|x86.ActiveCfg = Release|Any CPU
		{86D23B15-1A7F-4CAB-89B4-3E0B30360421}.Release|x86.Build.0 = Release|Any CPU
		{CE61BFF6-0BC1-46C5-A732-1D03082F71DE}.Debug|Any CPU.ActiveCfg = Debug|Any CPU
		{CE61BFF6-0BC1-46C5-A732-1D03082F71DE}.Debug|Any CPU.Build.0 = Debug|Any CPU
		{CE61BFF6-0BC1-46C5-A732-1D03082F71DE}.Debug|x64.ActiveCfg = Debug|Any CPU
		{CE61BFF6-0BC1-46C5-A732-1D03082F71DE}.Debug|x64.Build.0 = Debug|Any CPU
		{CE61BFF6-0BC1-46C5-A732-1D03082F71DE}.Debug|x86.ActiveCfg = Debug|Any CPU
		{CE61BFF6-0BC1-46C5-A732-1D03082F71DE}.Debug|x86.Build.0 = Debug|Any CPU
		{CE61BFF6-0BC1-46C5-A732-1D03082F71DE}.Release|Any CPU.ActiveCfg = Release|Any CPU
		{CE61BFF6-0BC1-46C5-A732-1D03082F71DE}.Release|Any CPU.Build.0 = Release|Any CPU
		{CE61BFF6-0BC1-46C5-A732-1D03082F71DE}.Release|x64.ActiveCfg = Release|Any CPU
		{CE61BFF6-0BC1-46C5-A732-1D03082F71DE}.Release|x64.Build.0 = Release|Any CPU
		{CE61BFF6-0BC1-46C5-A732-1D03082F71DE}.Release|x86.ActiveCfg = Release|Any CPU
		{CE61BFF6-0BC1-46C5-A732-1D03082F71DE}.Release|x86.Build.0 = Release|Any CPU
		{D6BAE3E8-F9CC-48C6-9C42-CCA1E842D17C}.Debug|Any CPU.ActiveCfg = Debug|Any CPU
		{D6BAE3E8-F9CC-48C6-9C42-CCA1E842D17C}.Debug|Any CPU.Build.0 = Debug|Any CPU
		{D6BAE3E8-F9CC-48C6-9C42-CCA1E842D17C}.Debug|x64.ActiveCfg = Debug|Any CPU
		{D6BAE3E8-F9CC-48C6-9C42-CCA1E842D17C}.Debug|x64.Build.0 = Debug|Any CPU
		{D6BAE3E8-F9CC-48C6-9C42-CCA1E842D17C}.Debug|x86.ActiveCfg = Debug|Any CPU
		{D6BAE3E8-F9CC-48C6-9C42-CCA1E842D17C}.Debug|x86.Build.0 = Debug|Any CPU
		{D6BAE3E8-F9CC-48C6-9C42-CCA1E842D17C}.Release|Any CPU.ActiveCfg = Release|Any CPU
		{D6BAE3E8-F9CC-48C6-9C42-CCA1E842D17C}.Release|Any CPU.Build.0 = Release|Any CPU
		{D6BAE3E8-F9CC-48C6-9C42-CCA1E842D17C}.Release|x64.ActiveCfg = Release|Any CPU
		{D6BAE3E8-F9CC-48C6-9C42-CCA1E842D17C}.Release|x64.Build.0 = Release|Any CPU
		{D6BAE3E8-F9CC-48C6-9C42-CCA1E842D17C}.Release|x86.ActiveCfg = Release|Any CPU
		{D6BAE3E8-F9CC-48C6-9C42-CCA1E842D17C}.Release|x86.Build.0 = Release|Any CPU
		{AD8D81A2-EE37-4CB6-807C-D382C3E36B9D}.Debug|Any CPU.ActiveCfg = Debug|Any CPU
		{AD8D81A2-EE37-4CB6-807C-D382C3E36B9D}.Debug|Any CPU.Build.0 = Debug|Any CPU
		{AD8D81A2-EE37-4CB6-807C-D382C3E36B9D}.Debug|x64.ActiveCfg = Debug|Any CPU
		{AD8D81A2-EE37-4CB6-807C-D382C3E36B9D}.Debug|x64.Build.0 = Debug|Any CPU
		{AD8D81A2-EE37-4CB6-807C-D382C3E36B9D}.Debug|x86.ActiveCfg = Debug|Any CPU
		{AD8D81A2-EE37-4CB6-807C-D382C3E36B9D}.Debug|x86.Build.0 = Debug|Any CPU
		{AD8D81A2-EE37-4CB6-807C-D382C3E36B9D}.Release|Any CPU.ActiveCfg = Release|Any CPU
		{AD8D81A2-EE37-4CB6-807C-D382C3E36B9D}.Release|Any CPU.Build.0 = Release|Any CPU
		{AD8D81A2-EE37-4CB6-807C-D382C3E36B9D}.Release|x64.ActiveCfg = Release|Any CPU
		{AD8D81A2-EE37-4CB6-807C-D382C3E36B9D}.Release|x64.Build.0 = Release|Any CPU
		{AD8D81A2-EE37-4CB6-807C-D382C3E36B9D}.Release|x86.ActiveCfg = Release|Any CPU
		{AD8D81A2-EE37-4CB6-807C-D382C3E36B9D}.Release|x86.Build.0 = Release|Any CPU
		{8C73640E-8397-41B7-8D0B-33C18E5B1B44}.Debug|Any CPU.ActiveCfg = Debug|Any CPU
		{8C73640E-8397-41B7-8D0B-33C18E5B1B44}.Debug|Any CPU.Build.0 = Debug|Any CPU
		{8C73640E-8397-41B7-8D0B-33C18E5B1B44}.Debug|x64.ActiveCfg = Debug|Any CPU
		{8C73640E-8397-41B7-8D0B-33C18E5B1B44}.Debug|x64.Build.0 = Debug|Any CPU
		{8C73640E-8397-41B7-8D0B-33C18E5B1B44}.Debug|x86.ActiveCfg = Debug|Any CPU
		{8C73640E-8397-41B7-8D0B-33C18E5B1B44}.Debug|x86.Build.0 = Debug|Any CPU
		{8C73640E-8397-41B7-8D0B-33C18E5B1B44}.Release|Any CPU.ActiveCfg = Release|Any CPU
		{8C73640E-8397-41B7-8D0B-33C18E5B1B44}.Release|Any CPU.Build.0 = Release|Any CPU
		{8C73640E-8397-41B7-8D0B-33C18E5B1B44}.Release|x64.ActiveCfg = Release|Any CPU
		{8C73640E-8397-41B7-8D0B-33C18E5B1B44}.Release|x64.Build.0 = Release|Any CPU
		{8C73640E-8397-41B7-8D0B-33C18E5B1B44}.Release|x86.ActiveCfg = Release|Any CPU
		{8C73640E-8397-41B7-8D0B-33C18E5B1B44}.Release|x86.Build.0 = Release|Any CPU
		{311A7D51-0276-4CC0-8816-1750EF17D780}.Debug|Any CPU.ActiveCfg = Debug|Any CPU
		{311A7D51-0276-4CC0-8816-1750EF17D780}.Debug|Any CPU.Build.0 = Debug|Any CPU
		{311A7D51-0276-4CC0-8816-1750EF17D780}.Debug|x64.ActiveCfg = Debug|Any CPU
		{311A7D51-0276-4CC0-8816-1750EF17D780}.Debug|x64.Build.0 = Debug|Any CPU
		{311A7D51-0276-4CC0-8816-1750EF17D780}.Debug|x86.ActiveCfg = Debug|Any CPU
		{311A7D51-0276-4CC0-8816-1750EF17D780}.Debug|x86.Build.0 = Debug|Any CPU
		{311A7D51-0276-4CC0-8816-1750EF17D780}.Release|Any CPU.ActiveCfg = Release|Any CPU
		{311A7D51-0276-4CC0-8816-1750EF17D780}.Release|Any CPU.Build.0 = Release|Any CPU
		{311A7D51-0276-4CC0-8816-1750EF17D780}.Release|x64.ActiveCfg = Release|Any CPU
		{311A7D51-0276-4CC0-8816-1750EF17D780}.Release|x64.Build.0 = Release|Any CPU
		{311A7D51-0276-4CC0-8816-1750EF17D780}.Release|x86.ActiveCfg = Release|Any CPU
		{311A7D51-0276-4CC0-8816-1750EF17D780}.Release|x86.Build.0 = Release|Any CPU
		{FB0BD028-1CBC-4DBB-911E-9A1E11B85ED3}.Debug|Any CPU.ActiveCfg = Debug|Any CPU
		{FB0BD028-1CBC-4DBB-911E-9A1E11B85ED3}.Debug|Any CPU.Build.0 = Debug|Any CPU
		{FB0BD028-1CBC-4DBB-911E-9A1E11B85ED3}.Debug|x64.ActiveCfg = Debug|Any CPU
		{FB0BD028-1CBC-4DBB-911E-9A1E11B85ED3}.Debug|x64.Build.0 = Debug|Any CPU
		{FB0BD028-1CBC-4DBB-911E-9A1E11B85ED3}.Debug|x86.ActiveCfg = Debug|Any CPU
		{FB0BD028-1CBC-4DBB-911E-9A1E11B85ED3}.Debug|x86.Build.0 = Debug|Any CPU
		{FB0BD028-1CBC-4DBB-911E-9A1E11B85ED3}.Release|Any CPU.ActiveCfg = Release|Any CPU
		{FB0BD028-1CBC-4DBB-911E-9A1E11B85ED3}.Release|Any CPU.Build.0 = Release|Any CPU
		{FB0BD028-1CBC-4DBB-911E-9A1E11B85ED3}.Release|x64.ActiveCfg = Release|Any CPU
		{FB0BD028-1CBC-4DBB-911E-9A1E11B85ED3}.Release|x64.Build.0 = Release|Any CPU
		{FB0BD028-1CBC-4DBB-911E-9A1E11B85ED3}.Release|x86.ActiveCfg = Release|Any CPU
		{FB0BD028-1CBC-4DBB-911E-9A1E11B85ED3}.Release|x86.Build.0 = Release|Any CPU
		{9B9FE2C2-D738-4AFC-8648-A6050FD586B6}.Debug|Any CPU.ActiveCfg = Debug|Any CPU
		{9B9FE2C2-D738-4AFC-8648-A6050FD586B6}.Debug|Any CPU.Build.0 = Debug|Any CPU
		{9B9FE2C2-D738-4AFC-8648-A6050FD586B6}.Debug|x64.ActiveCfg = Debug|Any CPU
		{9B9FE2C2-D738-4AFC-8648-A6050FD586B6}.Debug|x64.Build.0 = Debug|Any CPU
		{9B9FE2C2-D738-4AFC-8648-A6050FD586B6}.Debug|x86.ActiveCfg = Debug|Any CPU
		{9B9FE2C2-D738-4AFC-8648-A6050FD586B6}.Debug|x86.Build.0 = Debug|Any CPU
		{9B9FE2C2-D738-4AFC-8648-A6050FD586B6}.Release|Any CPU.ActiveCfg = Release|Any CPU
		{9B9FE2C2-D738-4AFC-8648-A6050FD586B6}.Release|Any CPU.Build.0 = Release|Any CPU
		{9B9FE2C2-D738-4AFC-8648-A6050FD586B6}.Release|x64.ActiveCfg = Release|Any CPU
		{9B9FE2C2-D738-4AFC-8648-A6050FD586B6}.Release|x64.Build.0 = Release|Any CPU
		{9B9FE2C2-D738-4AFC-8648-A6050FD586B6}.Release|x86.ActiveCfg = Release|Any CPU
		{9B9FE2C2-D738-4AFC-8648-A6050FD586B6}.Release|x86.Build.0 = Release|Any CPU
		{BC38E466-9A61-4318-B28D-B64109597E3B}.Debug|Any CPU.ActiveCfg = Debug|Any CPU
		{BC38E466-9A61-4318-B28D-B64109597E3B}.Debug|Any CPU.Build.0 = Debug|Any CPU
		{BC38E466-9A61-4318-B28D-B64109597E3B}.Debug|x64.ActiveCfg = Debug|Any CPU
		{BC38E466-9A61-4318-B28D-B64109597E3B}.Debug|x64.Build.0 = Debug|Any CPU
		{BC38E466-9A61-4318-B28D-B64109597E3B}.Debug|x86.ActiveCfg = Debug|Any CPU
		{BC38E466-9A61-4318-B28D-B64109597E3B}.Debug|x86.Build.0 = Debug|Any CPU
		{BC38E466-9A61-4318-B28D-B64109597E3B}.Release|Any CPU.ActiveCfg = Release|Any CPU
		{BC38E466-9A61-4318-B28D-B64109597E3B}.Release|Any CPU.Build.0 = Release|Any CPU
		{BC38E466-9A61-4318-B28D-B64109597E3B}.Release|x64.ActiveCfg = Release|Any CPU
		{BC38E466-9A61-4318-B28D-B64109597E3B}.Release|x64.Build.0 = Release|Any CPU
		{BC38E466-9A61-4318-B28D-B64109597E3B}.Release|x86.ActiveCfg = Release|Any CPU
		{BC38E466-9A61-4318-B28D-B64109597E3B}.Release|x86.Build.0 = Release|Any CPU
		{DBA8BA71-226C-432A-8103-FF8CB51FB485}.Debug|Any CPU.ActiveCfg = Debug|Any CPU
		{DBA8BA71-226C-432A-8103-FF8CB51FB485}.Debug|Any CPU.Build.0 = Debug|Any CPU
		{DBA8BA71-226C-432A-8103-FF8CB51FB485}.Debug|x64.ActiveCfg = Debug|Any CPU
		{DBA8BA71-226C-432A-8103-FF8CB51FB485}.Debug|x64.Build.0 = Debug|Any CPU
		{DBA8BA71-226C-432A-8103-FF8CB51FB485}.Debug|x86.ActiveCfg = Debug|Any CPU
		{DBA8BA71-226C-432A-8103-FF8CB51FB485}.Debug|x86.Build.0 = Debug|Any CPU
		{DBA8BA71-226C-432A-8103-FF8CB51FB485}.Release|Any CPU.ActiveCfg = Release|Any CPU
		{DBA8BA71-226C-432A-8103-FF8CB51FB485}.Release|Any CPU.Build.0 = Release|Any CPU
		{DBA8BA71-226C-432A-8103-FF8CB51FB485}.Release|x64.ActiveCfg = Release|Any CPU
		{DBA8BA71-226C-432A-8103-FF8CB51FB485}.Release|x64.Build.0 = Release|Any CPU
		{DBA8BA71-226C-432A-8103-FF8CB51FB485}.Release|x86.ActiveCfg = Release|Any CPU
		{DBA8BA71-226C-432A-8103-FF8CB51FB485}.Release|x86.Build.0 = Release|Any CPU
		{56C9969D-F608-4BA4-BD87-46DBFE3EDC83}.Debug|Any CPU.ActiveCfg = Debug|Any CPU
		{56C9969D-F608-4BA4-BD87-46DBFE3EDC83}.Debug|Any CPU.Build.0 = Debug|Any CPU
		{56C9969D-F608-4BA4-BD87-46DBFE3EDC83}.Debug|x64.ActiveCfg = Debug|Any CPU
		{56C9969D-F608-4BA4-BD87-46DBFE3EDC83}.Debug|x64.Build.0 = Debug|Any CPU
		{56C9969D-F608-4BA4-BD87-46DBFE3EDC83}.Debug|x86.ActiveCfg = Debug|Any CPU
		{56C9969D-F608-4BA4-BD87-46DBFE3EDC83}.Debug|x86.Build.0 = Debug|Any CPU
		{56C9969D-F608-4BA4-BD87-46DBFE3EDC83}.Release|Any CPU.ActiveCfg = Release|Any CPU
		{56C9969D-F608-4BA4-BD87-46DBFE3EDC83}.Release|Any CPU.Build.0 = Release|Any CPU
		{56C9969D-F608-4BA4-BD87-46DBFE3EDC83}.Release|x64.ActiveCfg = Release|Any CPU
		{56C9969D-F608-4BA4-BD87-46DBFE3EDC83}.Release|x64.Build.0 = Release|Any CPU
		{56C9969D-F608-4BA4-BD87-46DBFE3EDC83}.Release|x86.ActiveCfg = Release|Any CPU
		{56C9969D-F608-4BA4-BD87-46DBFE3EDC83}.Release|x86.Build.0 = Release|Any CPU
	EndGlobalSection
	GlobalSection(SolutionProperties) = preSolution
		HideSolutionNode = FALSE
	EndGlobalSection
	GlobalSection(ExtensibilityGlobals) = postSolution
		SolutionGuid = {56B9C748-95C4-4904-BA8D-E1A2ECA23831}
	EndGlobalSection
EndGlobal
